# This file is automatically @generated by Poetry 2.1.3 and should not be changed by hand.

[[package]]
name = "cython"
version = "3.1.2"
description = "The Cython compiler for writing C extensions in the Python language."
optional = false
python-versions = ">=3.8"
groups = ["main"]
markers = "sys_platform == \"darwin\""
files = [
    {file = "cython-3.1.2-cp310-cp310-macosx_10_9_x86_64.whl", hash = "sha256:0f2add8b23cb19da3f546a688cd8f9e0bfc2776715ebf5e283bc3113b03ff008"},
    {file = "cython-3.1.2-cp310-cp310-macosx_11_0_arm64.whl", hash = "sha256:0d6248a2ae155ca4c42d7fa6a9a05154d62e695d7736bc17e1b85da6dcc361df"},
    {file = "cython-3.1.2-cp310-cp310-manylinux_2_17_aarch64.manylinux2014_aarch64.whl", hash = "sha256:262bf49d9da64e2a34c86cbf8de4aa37daffb0f602396f116cca1ed47dc4b9f2"},
    {file = "cython-3.1.2-cp310-cp310-manylinux_2_17_x86_64.manylinux2014_x86_64.whl", hash = "sha256:ae53ae93c699d5f113953a9869df2fc269d8e173f9aa0616c6d8d6e12b4e9827"},
    {file = "cython-3.1.2-cp310-cp310-manylinux_2_5_i686.manylinux1_i686.manylinux_2_17_i686.manylinux2014_i686.whl", hash = "sha256:b417c5d046ce676ee595ec7955ed47a68ad6f419cbf8c2a8708e55a3b38dfa35"},
    {file = "cython-3.1.2-cp310-cp310-musllinux_1_2_aarch64.whl", hash = "sha256:af127da4b956e0e906e552fad838dc3fb6b6384164070ceebb0d90982a8ae25a"},
    {file = "cython-3.1.2-cp310-cp310-musllinux_1_2_i686.whl", hash = "sha256:9be3d4954b46fd0f2dceac011d470f658eaf819132db52fbd1cf226ee60348db"},
    {file = "cython-3.1.2-cp310-cp310-musllinux_1_2_x86_64.whl", hash = "sha256:63da49672c4bb022b4de9d37bab6c29953dbf5a31a2f40dffd0cf0915dcd7a17"},
    {file = "cython-3.1.2-cp310-cp310-win32.whl", hash = "sha256:2d8291dbbc1cb86b8d60c86fe9cbf99ec72de28cb157cbe869c95df4d32efa96"},
    {file = "cython-3.1.2-cp310-cp310-win_amd64.whl", hash = "sha256:e1f30a1339e03c80968a371ef76bf27a6648c5646cccd14a97e731b6957db97a"},
    {file = "cython-3.1.2-cp311-cp311-macosx_10_9_x86_64.whl", hash = "sha256:5548573e0912d7dc80579827493315384c462e2f15797b91a8ed177686d31eb9"},
    {file = "cython-3.1.2-cp311-cp311-macosx_11_0_arm64.whl", hash = "sha256:4bf3ea5bc50d80762c490f42846820a868a6406fdb5878ae9e4cc2f11b50228a"},
    {file = "cython-3.1.2-cp311-cp311-manylinux_2_17_aarch64.manylinux2014_aarch64.whl", hash = "sha256:20ce53951d06ab2bca39f153d9c5add1d631c2a44d58bf67288c9d631be9724e"},
    {file = "cython-3.1.2-cp311-cp311-manylinux_2_17_x86_64.manylinux2014_x86_64.whl", hash = "sha256:e05a36224e3002d48c7c1c695b3771343bd16bc57eab60d6c5d5e08f3cbbafd8"},
    {file = "cython-3.1.2-cp311-cp311-manylinux_2_5_i686.manylinux1_i686.manylinux_2_17_i686.manylinux2014_i686.whl", hash = "sha256:dbc0fc0777c7ab82297c01c61a1161093a22a41714f62e8c35188a309bd5db8e"},
    {file = "cython-3.1.2-cp311-cp311-musllinux_1_2_aarch64.whl", hash = "sha256:18161ef3dd0e90a944daa2be468dd27696712a5f792d6289e97d2a31298ad688"},
    {file = "cython-3.1.2-cp311-cp311-musllinux_1_2_i686.whl", hash = "sha256:ca45020950cd52d82189d6dfb6225737586be6fe7b0b9d3fadd7daca62eff531"},
    {file = "cython-3.1.2-cp311-cp311-musllinux_1_2_x86_64.whl", hash = "sha256:aaae97d6d07610224be2b73a93e9e3dd85c09aedfd8e47054e3ef5a863387dae"},
    {file = "cython-3.1.2-cp311-cp311-win32.whl", hash = "sha256:3d439d9b19e7e70f6ff745602906d282a853dd5219d8e7abbf355de680c9d120"},
    {file = "cython-3.1.2-cp311-cp311-win_amd64.whl", hash = "sha256:8efa44ee2f1876e40eb5e45f6513a19758077c56bf140623ccab43d31f873b61"},
    {file = "cython-3.1.2-cp312-cp312-macosx_10_13_x86_64.whl", hash = "sha256:9c2c4b6f9a941c857b40168b3f3c81d514e509d985c2dcd12e1a4fea9734192e"},
    {file = "cython-3.1.2-cp312-cp312-macosx_11_0_arm64.whl", hash = "sha256:bdbc115bbe1b8c1dcbcd1b03748ea87fa967eb8dfc3a1a9bb243d4a382efcff4"},
    {file = "cython-3.1.2-cp312-cp312-manylinux_2_17_aarch64.manylinux2014_aarch64.whl", hash = "sha256:c05111f89db1ca98edc0675cfaa62be47b3ff519a29876eb095532a9f9e052b8"},
    {file = "cython-3.1.2-cp312-cp312-manylinux_2_17_x86_64.manylinux2014_x86_64.whl", hash = "sha256:f6e7188df8709be32cfdfadc7c3782e361c929df9132f95e1bbc90a340dca3c7"},
    {file = "cython-3.1.2-cp312-cp312-manylinux_2_5_i686.manylinux1_i686.manylinux_2_17_i686.manylinux2014_i686.whl", hash = "sha256:1c0ecc71e60a051732c2607b8eb8f2a03a5dac09b28e52b8af323c329db9987b"},
    {file = "cython-3.1.2-cp312-cp312-musllinux_1_2_aarch64.whl", hash = "sha256:f27143cf88835c8bcc9bf3304953f23f377d1d991e8942982fe7be344c7cfce3"},
    {file = "cython-3.1.2-cp312-cp312-musllinux_1_2_i686.whl", hash = "sha256:d8c43566701133f53bf13485839d8f3f309095fe0d3b9d0cd5873073394d2edc"},
    {file = "cython-3.1.2-cp312-cp312-musllinux_1_2_x86_64.whl", hash = "sha256:a3bb893e85f027a929c1764bb14db4c31cbdf8a96f59a78f608f2ba7cfbbce95"},
    {file = "cython-3.1.2-cp312-cp312-win32.whl", hash = "sha256:12c5902f105e43ca9af7874cdf87a23627f98c15d5a4f6d38bc9d334845145c0"},
    {file = "cython-3.1.2-cp312-cp312-win_amd64.whl", hash = "sha256:06789eb7bd2e55b38b9dd349e9309f794aee0fed99c26ea5c9562d463877763f"},
    {file = "cython-3.1.2-cp313-cp313-macosx_10_13_x86_64.whl", hash = "sha256:cc22e5f18af436c894b90c257130346930fdc860d7f42b924548c591672beeef"},
    {file = "cython-3.1.2-cp313-cp313-macosx_11_0_arm64.whl", hash = "sha256:42c7bffb0fe9898996c7eef9eb74ce3654553c7a3a3f3da66e5a49f801904ce0"},
    {file = "cython-3.1.2-cp313-cp313-manylinux_2_17_aarch64.manylinux2014_aarch64.whl", hash = "sha256:88dc7fd54bfae78c366c6106a759f389000ea4dfe8ed9568af9d2f612825a164"},
    {file = "cython-3.1.2-cp313-cp313-manylinux_2_17_x86_64.manylinux2014_x86_64.whl", hash = "sha256:80d0ce057672ca50728153757d022842d5dcec536b50c79615a22dda2a874ea0"},
    {file = "cython-3.1.2-cp313-cp313-manylinux_2_5_i686.manylinux1_i686.manylinux_2_17_i686.manylinux2014_i686.whl", hash = "sha256:eda6a43f1b78eae0d841698916eef661d15f8bc8439c266a964ea4c504f05612"},
    {file = "cython-3.1.2-cp313-cp313-musllinux_1_2_aarch64.whl", hash = "sha256:b4c516d103e87c2e9c1ab85227e4d91c7484c1ba29e25f8afbf67bae93fee164"},
    {file = "cython-3.1.2-cp313-cp313-musllinux_1_2_i686.whl", hash = "sha256:7542f1d18ab2cd22debc72974ec9e53437a20623d47d6001466e430538d7df54"},
    {file = "cython-3.1.2-cp313-cp313-musllinux_1_2_x86_64.whl", hash = "sha256:63335513c06dcec4ecdaa8598f36c969032149ffd92a461f641ee363dc83c7ad"},
    {file = "cython-3.1.2-cp313-cp313-win32.whl", hash = "sha256:b377d542299332bfeb61ec09c57821b10f1597304394ba76544f4d07780a16df"},
    {file = "cython-3.1.2-cp313-cp313-win_amd64.whl", hash = "sha256:8ab1319c77f15b0ae04b3fb03588df3afdec4cf79e90eeea5c961e0ebd8fdf72"},
    {file = "cython-3.1.2-cp38-cp38-macosx_10_9_x86_64.whl", hash = "sha256:dbc1f225cb9f9be7a025589463507e10bb2d76a3258f8d308e0e2d0b966c556e"},
    {file = "cython-3.1.2-cp38-cp38-macosx_11_0_arm64.whl", hash = "sha256:c1661c1701c96e1866f839e238570c96a97535a81da76a26f45f99ede18b3897"},
    {file = "cython-3.1.2-cp38-cp38-manylinux_2_17_aarch64.manylinux2014_aarch64.whl", hash = "sha256:955bc6032d89ce380458266e65dcf5ae0ed1e7c03a7a4457e3e4773e90ba7373"},
    {file = "cython-3.1.2-cp38-cp38-manylinux_2_17_x86_64.manylinux2014_x86_64.whl", hash = "sha256:0b58e859889dd0fc6c3a990445b930f692948b28328bb4f3ed84b51028b7e183"},
    {file = "cython-3.1.2-cp38-cp38-manylinux_2_5_i686.manylinux1_i686.manylinux_2_17_i686.manylinux2014_i686.whl", hash = "sha256:992a6504aa3eed50dd1fc3d1fa998928b08c1188130bd526e177b6d7f3383ec4"},
    {file = "cython-3.1.2-cp38-cp38-musllinux_1_2_aarch64.whl", hash = "sha256:f3d03077938b02ec47a56aa156da7bfc2379193738397d4e88086db5b0a374e0"},
    {file = "cython-3.1.2-cp38-cp38-musllinux_1_2_i686.whl", hash = "sha256:b7e1d3c383a5f4ca5319248b9cb1b16a04fb36e153d651e558897171b7dbabb9"},
    {file = "cython-3.1.2-cp38-cp38-musllinux_1_2_x86_64.whl", hash = "sha256:58d4d45e40cadf4f602d96b7016cf24ccfe4d954c61fa30b79813db8ccb7818f"},
    {file = "cython-3.1.2-cp38-cp38-win32.whl", hash = "sha256:919ff38a93f7c21829a519693b336979feb41a0f7ca35969402d7e211706100e"},
    {file = "cython-3.1.2-cp38-cp38-win_amd64.whl", hash = "sha256:aca994519645ba8fb5e99c0f9d4be28d61435775552aaf893a158c583cd218a5"},
    {file = "cython-3.1.2-cp39-cp39-macosx_10_9_x86_64.whl", hash = "sha256:fe7f1ee4c13f8a773bd6c66b3d25879f40596faeab49f97d28c39b16ace5fff9"},
    {file = "cython-3.1.2-cp39-cp39-macosx_11_0_arm64.whl", hash = "sha256:c9ec7d2baea122d94790624f743ff5b78f4e777bf969384be65b69d92fa4bc3f"},
    {file = "cython-3.1.2-cp39-cp39-manylinux_2_17_aarch64.manylinux2014_aarch64.whl", hash = "sha256:df57827185874f29240b02402e615547ab995d90182a852c6ec4f91bbae355a4"},
    {file = "cython-3.1.2-cp39-cp39-manylinux_2_17_x86_64.manylinux2014_x86_64.whl", hash = "sha256:3b1a69b9b4fe0a48a8271027c0703c71ab1993c4caca01791c0fd2e2bd9031aa"},
    {file = "cython-3.1.2-cp39-cp39-manylinux_2_5_i686.manylinux1_i686.manylinux_2_17_i686.manylinux2014_i686.whl", hash = "sha256:970cc1558519f0f108c3e2f4b3480de4945228d9292612d5b2bb687e36c646b8"},
    {file = "cython-3.1.2-cp39-cp39-musllinux_1_2_aarch64.whl", hash = "sha256:604c39cd6d152498a940aeae28b6fd44481a255a3fdf1b0051c30f3873c88b7f"},
    {file = "cython-3.1.2-cp39-cp39-musllinux_1_2_i686.whl", hash = "sha256:855f2ae06438c7405997cf0df42d5b508ec3248272bb39df4a7a4a82a5f7c8cb"},
    {file = "cython-3.1.2-cp39-cp39-musllinux_1_2_x86_64.whl", hash = "sha256:9e3016ca7a86728bfcbdd52449521e859a977451f296a7ae4967cefa2ec498f7"},
    {file = "cython-3.1.2-cp39-cp39-win32.whl", hash = "sha256:4896fc2b0f90820ea6fcf79a07e30822f84630a404d4e075784124262f6d0adf"},
    {file = "cython-3.1.2-cp39-cp39-win_amd64.whl", hash = "sha256:a965b81eb4f5a5f3f6760b162cb4de3907c71a9ba25d74de1ad7a0e4856f0412"},
    {file = "cython-3.1.2-py3-none-any.whl", hash = "sha256:d23fd7ffd7457205f08571a42b108a3cf993e83a59fe4d72b42e6fc592cf2639"},
    {file = "cython-3.1.2.tar.gz", hash = "sha256:6bbf7a953fa6762dfecdec015e3b054ba51c0121a45ad851fa130f63f5331381"},
]

[[package]]
name = "dearpygui"
version = "2.1.0"
description = "DearPyGui: A simple Python GUI Toolkit"
optional = false
python-versions = ">=3.8"
groups = ["main"]
files = [
    {file = "dearpygui-2.1.0-cp310-cp310-macosx_10_6_x86_64.whl", hash = "sha256:374d4c605affdf8a49eef4cf434f76e17df374590e51745b62c67025d1d41ec3"},
    {file = "dearpygui-2.1.0-cp310-cp310-macosx_13_0_arm64.whl", hash = "sha256:074985fa9d1622edda89c7f113d7a25ae5543f2e3f684bba3601e688c873936f"},
    {file = "dearpygui-2.1.0-cp310-cp310-manylinux1_x86_64.whl", hash = "sha256:49808389f1d1acfb4f5cbd9f1b1ec188fbcd2d828414094864f7035e27158db2"},
    {file = "dearpygui-2.1.0-cp310-cp310-win_amd64.whl", hash = "sha256:792c1cd34dd0d03bf15838cc1e66ad01282c672ef0d2b9981368b6dcd37e67d3"},
    {file = "dearpygui-2.1.0-cp311-cp311-macosx_10_6_x86_64.whl", hash = "sha256:03e5dc0b3dd2f7965e50bbe41f3316a814408064b582586de994d93afedb125c"},
    {file = "dearpygui-2.1.0-cp311-cp311-macosx_13_0_arm64.whl", hash = "sha256:b5b37710c3fa135c48e2347f39ecd1f415146e86db5d404707a0bf72d16bd304"},
    {file = "dearpygui-2.1.0-cp311-cp311-manylinux1_x86_64.whl", hash = "sha256:b0cfd7ac7eaa090fc22d6aa60fc4b527fc631cee10c348e4d8df92bb39af03d2"},
    {file = "dearpygui-2.1.0-cp311-cp311-win_amd64.whl", hash = "sha256:a9af54f96d3ef30c5db9d12cdf3266f005507396fb0da2e12e6b22b662161070"},
    {file = "dearpygui-2.1.0-cp312-cp312-macosx_10_6_x86_64.whl", hash = "sha256:1270ceb9cdb8ecc047c42477ccaa075b7864b314a5d09191f9280a24c8aa90a0"},
    {file = "dearpygui-2.1.0-cp312-cp312-macosx_13_0_arm64.whl", hash = "sha256:ce9969eb62057b9d4c88a8baaed13b5fbe4058caa9faf5b19fec89da75aece3d"},
    {file = "dearpygui-2.1.0-cp312-cp312-manylinux1_x86_64.whl", hash = "sha256:a3ca8cf788db63ef7e2e8d6f277631b607d548b37606f080ca1b42b1f0a9b183"},
    {file = "dearpygui-2.1.0-cp312-cp312-win_amd64.whl", hash = "sha256:43f0e4db9402f44fc3683a1f5c703564819de18cc15a042de7f1ed1c8cb5d148"},
    {file = "dearpygui-2.1.0-cp313-cp313-macosx_10_6_x86_64.whl", hash = "sha256:5c32402f75f87ca23faedc626975f546098bcbc71e1dc8b22ddc6054f4c800f1"},
    {file = "dearpygui-2.1.0-cp313-cp313-macosx_13_0_arm64.whl", hash = "sha256:f776c4c81195b2e7248305db21c7d429881d306a9557a8a4e4f002eb477cd247"},
    {file = "dearpygui-2.1.0-cp313-cp313-manylinux1_x86_64.whl", hash = "sha256:3900ce7f68e8967dc937adbd9088a7c294fd676fa878d9905e4f25b0d76232ae"},
    {file = "dearpygui-2.1.0-cp313-cp313-win_amd64.whl", hash = "sha256:205def95d6862e80ee908d080f5a8065f30421d87ddfa88a3607a5c8e253a9bb"},
    {file = "dearpygui-2.1.0-cp38-cp38-macosx_10_6_x86_64.whl", hash = "sha256:d526f71367950c3e0b91ca06a87fafa9317663d3d55a245c67e34147b34f531e"},
    {file = "dearpygui-2.1.0-cp38-cp38-manylinux1_x86_64.whl", hash = "sha256:9daa11a4ff8ee4278c7ec614680d5d2a18712eed1b54655137c1b6e1fcfd6852"},
    {file = "dearpygui-2.1.0-cp38-cp38-win_amd64.whl", hash = "sha256:eacd0093a985cc1c8d860b82ee518b387c13be3e21c2222ac90b3331656de905"},
    {file = "dearpygui-2.1.0-cp39-cp39-macosx_10_6_x86_64.whl", hash = "sha256:0d228a4934c642fb01f1602b71b11f54e8b739ee3902a98fd71618ddca088213"},
    {file = "dearpygui-2.1.0-cp39-cp39-manylinux1_x86_64.whl", hash = "sha256:4e4c2df52ffee0810652bdb165972dad2ca8d89c65ea37d69d6157576adba2d7"},
    {file = "dearpygui-2.1.0-cp39-cp39-win_amd64.whl", hash = "sha256:c337fb8b27f6fbdae89fdb5f36a377e09f955642c025005b1be9b96eef73df3b"},
]

[[package]]
name = "psutil"
version = "7.0.0"
description = "Cross-platform lib for process and system monitoring in Python.  NOTE: the syntax of this script MUST be kept compatible with Python 2.7."
optional = false
python-versions = ">=3.6"
groups = ["dev"]
files = [
    {file = "psutil-7.0.0-cp36-abi3-macosx_10_9_x86_64.whl", hash = "sha256:101d71dc322e3cffd7cea0650b09b3d08b8e7c4109dd6809fe452dfd00e58b25"},
    {file = "psutil-7.0.0-cp36-abi3-macosx_11_0_arm64.whl", hash = "sha256:39db632f6bb862eeccf56660871433e111b6ea58f2caea825571951d4b6aa3da"},
    {file = "psutil-7.0.0-cp36-abi3-manylinux_2_12_i686.manylinux2010_i686.manylinux_2_17_i686.manylinux2014_i686.whl", hash = "sha256:1fcee592b4c6f146991ca55919ea3d1f8926497a713ed7faaf8225e174581e91"},
    {file = "psutil-7.0.0-cp36-abi3-manylinux_2_12_x86_64.manylinux2010_x86_64.manylinux_2_17_x86_64.manylinux2014_x86_64.whl", hash = "sha256:4b1388a4f6875d7e2aff5c4ca1cc16c545ed41dd8bb596cefea80111db353a34"},
    {file = "psutil-7.0.0-cp36-abi3-manylinux_2_17_aarch64.manylinux2014_aarch64.whl", hash = "sha256:a5f098451abc2828f7dc6b58d44b532b22f2088f4999a937557b603ce72b1993"},
    {file = "psutil-7.0.0-cp36-cp36m-win32.whl", hash = "sha256:84df4eb63e16849689f76b1ffcb36db7b8de703d1bc1fe41773db487621b6c17"},
    {file = "psutil-7.0.0-cp36-cp36m-win_amd64.whl", hash = "sha256:1e744154a6580bc968a0195fd25e80432d3afec619daf145b9e5ba16cc1d688e"},
    {file = "psutil-7.0.0-cp37-abi3-win32.whl", hash = "sha256:ba3fcef7523064a6c9da440fc4d6bd07da93ac726b5733c29027d7dc95b39d99"},
    {file = "psutil-7.0.0-cp37-abi3-win_amd64.whl", hash = "sha256:4cf3d4eb1aa9b348dec30105c55cd9b7d4629285735a102beb4441e38db90553"},
    {file = "psutil-7.0.0.tar.gz", hash = "sha256:7be9c3eba38beccb6495ea33afd982a44074b78f28c434a1f51cc07fd315c456"},
]

[package.extras]
dev = ["abi3audit", "black (==24.10.0)", "check-manifest", "coverage", "packaging", "pylint", "pyperf", "pypinfo", "pytest", "pytest-cov", "pytest-xdist", "requests", "rstcheck", "ruff", "setuptools", "sphinx", "sphinx_rtd_theme", "toml-sort", "twine", "virtualenv", "vulture", "wheel"]
test = ["pytest", "pytest-xdist", "setuptools"]

[[package]]
name = "pyobjc-core"
version = "11.1"
description = "Python<->ObjC Interoperability Module"
optional = false
python-versions = ">=3.8"
groups = ["main"]
markers = "sys_platform == \"darwin\""
files = [
    {file = "pyobjc_core-11.1-cp310-cp310-macosx_10_9_universal2.whl", hash = "sha256:4c7536f3e94de0a3eae6bb382d75f1219280aa867cdf37beef39d9e7d580173c"},
    {file = "pyobjc_core-11.1-cp311-cp311-macosx_10_9_universal2.whl", hash = "sha256:ec36680b5c14e2f73d432b03ba7c1457dc6ca70fa59fd7daea1073f2b4157d33"},
    {file = "pyobjc_core-11.1-cp312-cp312-macosx_10_13_universal2.whl", hash = "sha256:765b97dea6b87ec4612b3212258024d8496ea23517c95a1c5f0735f96b7fd529"},
    {file = "pyobjc_core-11.1-cp313-cp313-macosx_10_13_universal2.whl", hash = "sha256:18986f83998fbd5d3f56d8a8428b2f3e0754fd15cef3ef786ca0d29619024f2c"},
    {file = "pyobjc_core-11.1-cp313-cp313t-macosx_10_13_universal2.whl", hash = "sha256:8849e78cfe6595c4911fbba29683decfb0bf57a350aed8a43316976ba6f659d2"},
    {file = "pyobjc_core-11.1-cp314-cp314-macosx_11_0_universal2.whl", hash = "sha256:8cb9ed17a8d84a312a6e8b665dd22393d48336ea1d8277e7ad20c19a38edf731"},
    {file = "pyobjc_core-11.1-cp314-cp314t-macosx_11_0_universal2.whl", hash = "sha256:f2455683e807f8541f0d83fbba0f5d9a46128ab0d5cc83ea208f0bec759b7f96"},
    {file = "pyobjc_core-11.1-cp39-cp39-macosx_10_9_universal2.whl", hash = "sha256:4a99e6558b48b8e47c092051e7b3be05df1c8d0617b62f6fa6a316c01902d157"},
    {file = "pyobjc_core-11.1.tar.gz", hash = "sha256:b63d4d90c5df7e762f34739b39cc55bc63dbcf9fb2fb3f2671e528488c7a87fe"},
]

[[package]]
name = "pyobjc-framework-cocoa"
version = "11.1"
description = "Wrappers for the Cocoa frameworks on macOS"
optional = false
python-versions = ">=3.9"
groups = ["main"]
markers = "sys_platform == \"darwin\""
files = [
    {file = "pyobjc_framework_cocoa-11.1-cp310-cp310-macosx_10_9_universal2.whl", hash = "sha256:b27a5bdb3ab6cdeb998443ff3fce194ffae5f518c6a079b832dbafc4426937f9"},
    {file = "pyobjc_framework_cocoa-11.1-cp311-cp311-macosx_10_9_universal2.whl", hash = "sha256:7b9a9b8ba07f5bf84866399e3de2aa311ed1c34d5d2788a995bdbe82cc36cfa0"},
    {file = "pyobjc_framework_cocoa-11.1-cp312-cp312-macosx_10_13_universal2.whl", hash = "sha256:806de56f06dfba8f301a244cce289d54877c36b4b19818e3b53150eb7c2424d0"},
    {file = "pyobjc_framework_cocoa-11.1-cp313-cp313-macosx_10_13_universal2.whl", hash = "sha256:54e93e1d9b0fc41c032582a6f0834befe1d418d73893968f3f450281b11603da"},
    {file = "pyobjc_framework_cocoa-11.1-cp313-cp313t-macosx_10_13_universal2.whl", hash = "sha256:fd5245ee1997d93e78b72703be1289d75d88ff6490af94462b564892e9266350"},
    {file = "pyobjc_framework_cocoa-11.1-cp314-cp314-macosx_11_0_universal2.whl", hash = "sha256:aede53a1afc5433e1e7d66568cc52acceeb171b0a6005407a42e8e82580b4fc0"},
    {file = "pyobjc_framework_cocoa-11.1-cp314-cp314t-macosx_11_0_universal2.whl", hash = "sha256:1b5de4e1757bb65689d6dc1f8d8717de9ec8587eb0c4831c134f13aba29f9b71"},
    {file = "pyobjc_framework_cocoa-11.1-cp39-cp39-macosx_10_9_universal2.whl", hash = "sha256:bbee71eeb93b1b31ffbac8560b59a0524a8a4b90846a260d2c4f2188f3d4c721"},
    {file = "pyobjc_framework_cocoa-11.1.tar.gz", hash = "sha256:87df76b9b73e7ca699a828ff112564b59251bb9bbe72e610e670a4dc9940d038"},
]

[package.dependencies]
pyobjc-core = ">=11.1"

[[package]]
name = "ruff"
version = "0.12.3"
description = "An extremely fast Python linter and code formatter, written in Rust."
optional = false
python-versions = ">=3.7"
groups = ["dev"]
files = [
    {file = "ruff-0.12.3-py3-none-linux_armv6l.whl", hash = "sha256:47552138f7206454eaf0c4fe827e546e9ddac62c2a3d2585ca54d29a890137a2"},
    {file = "ruff-0.12.3-py3-none-macosx_10_12_x86_64.whl", hash = "sha256:0a9153b000c6fe169bb307f5bd1b691221c4286c133407b8827c406a55282041"},
    {file = "ruff-0.12.3-py3-none-macosx_11_0_arm64.whl", hash = "sha256:fa6b24600cf3b750e48ddb6057e901dd5b9aa426e316addb2a1af185a7509882"},
    {file = "ruff-0.12.3-py3-none-manylinux_2_17_aarch64.manylinux2014_aarch64.whl", hash = "sha256:e2506961bf6ead54887ba3562604d69cb430f59b42133d36976421bc8bd45901"},
    {file = "ruff-0.12.3-py3-none-manylinux_2_17_armv7l.manylinux2014_armv7l.whl", hash = "sha256:c4faaff1f90cea9d3033cbbcdf1acf5d7fb11d8180758feb31337391691f3df0"},
    {file = "ruff-0.12.3-py3-none-manylinux_2_17_i686.manylinux2014_i686.whl", hash = "sha256:40dced4a79d7c264389de1c59467d5d5cefd79e7e06d1dfa2c75497b5269a5a6"},
    {file = "ruff-0.12.3-py3-none-manylinux_2_17_ppc64.manylinux2014_ppc64.whl", hash = "sha256:0262d50ba2767ed0fe212aa7e62112a1dcbfd46b858c5bf7bbd11f326998bafc"},
    {file = "ruff-0.12.3-py3-none-manylinux_2_17_ppc64le.manylinux2014_ppc64le.whl", hash = "sha256:12371aec33e1a3758597c5c631bae9a5286f3c963bdfb4d17acdd2d395406687"},
    {file = "ruff-0.12.3-py3-none-manylinux_2_17_s390x.manylinux2014_s390x.whl", hash = "sha256:560f13b6baa49785665276c963edc363f8ad4b4fc910a883e2625bdb14a83a9e"},
    {file = "ruff-0.12.3-py3-none-manylinux_2_17_x86_64.manylinux2014_x86_64.whl", hash = "sha256:023040a3499f6f974ae9091bcdd0385dd9e9eb4942f231c23c57708147b06311"},
    {file = "ruff-0.12.3-py3-none-musllinux_1_2_aarch64.whl", hash = "sha256:883d844967bffff5ab28bba1a4d246c1a1b2933f48cb9840f3fdc5111c603b07"},
    {file = "ruff-0.12.3-py3-none-musllinux_1_2_armv7l.whl", hash = "sha256:2120d3aa855ff385e0e562fdee14d564c9675edbe41625c87eeab744a7830d12"},
    {file = "ruff-0.12.3-py3-none-musllinux_1_2_i686.whl", hash = "sha256:6b16647cbb470eaf4750d27dddc6ebf7758b918887b56d39e9c22cce2049082b"},
    {file = "ruff-0.12.3-py3-none-musllinux_1_2_x86_64.whl", hash = "sha256:e1417051edb436230023575b149e8ff843a324557fe0a265863b7602df86722f"},
    {file = "ruff-0.12.3-py3-none-win32.whl", hash = "sha256:dfd45e6e926deb6409d0616078a666ebce93e55e07f0fb0228d4b2608b2c248d"},
    {file = "ruff-0.12.3-py3-none-win_amd64.whl", hash = "sha256:a946cf1e7ba3209bdef039eb97647f1c77f6f540e5845ec9c114d3af8df873e7"},
    {file = "ruff-0.12.3-py3-none-win_arm64.whl", hash = "sha256:5f9c7c9c8f84c2d7f27e93674d27136fbf489720251544c4da7fb3d742e011b1"},
    {file = "ruff-0.12.3.tar.gz", hash = "sha256:f1b5a4b6668fd7b7ea3697d8d98857390b40c1320a63a178eee6be0899ea2d77"},
]

[[package]]
name = "screeninfo"
version = "0.8.1"
description = "Fetch location and size of physical screens."
optional = false
python-versions = ">=3.6.2,<4.0.0"
groups = ["main"]
files = [
    {file = "screeninfo-0.8.1-py3-none-any.whl", hash = "sha256:e97d6b173856edcfa3bd282f81deb528188aff14b11ec3e195584e7641be733c"},
    {file = "screeninfo-0.8.1.tar.gz", hash = "sha256:9983076bcc7e34402a1a9e4d7dabf3729411fd2abb3f3b4be7eba73519cd2ed1"},
]

[package.dependencies]
Cython = {version = "*", markers = "sys_platform == \"darwin\""}
pyobjc-framework-Cocoa = {version = "*", markers = "sys_platform == \"darwin\""}

[metadata]
lock-version = "2.1"
python-versions = "=3.12.11"
content-hash = "876d8ddc4a988a17833c9fd2088cbed803a6a6f6fdd62b67a9a680cb3f8ce33c"
